Microsoft Visual Studio Solution File, Format Version 7.00
Project("{8BC9CEB8-8B4A-11D0-8D11-00A0C91BC942}") = "xboxkrnl", "xboxkrnl.vcproj", "{951B817E-8D76-453F-BAA9-6193FD9D47FF}"
EndProject
Project("{8BC9CEB8-8B4A-11D0-8D11-00A0C91BC942}") = "xhal", "xhal.vcproj", "{26F7CE7B-0FF2-41AD-B627-8C99003D3210}"
EndProject
Project("{8BC9CEB8-8B4A-11D0-8D11-00A0C91BC942}") = "xlibc", "xlibc.vcproj", "{99217C81-B8D9-45E9-87BA-B860D438BF7A}"
EndProject
Global
	GlobalSection(SolutionConfiguration) = preSolution
		ConfigName.0 = Release
	EndGlobalSection
	GlobalSection(ProjectDependencies) = postSolution
		{26F7CE7B-0FF2-41AD-B627-8C99003D3210}.0 = {951B817E-8D76-453F-BAA9-6193FD9D47FF}
		{99217C81-B8D9-45E9-87BA-B860D438BF7A}.0 = {951B817E-8D76-453F-BAA9-6193FD9D47FF}
	EndGlobalSection
	GlobalSection(ProjectConfiguration) = postSolution
		{951B817E-8D76-453F-BAA9-6193FD9D47FF}.Release.ActiveCfg = Release|Win32
		{951B817E-8D76-453F-BAA9-6193FD9D47FF}.Release.Build.0 = Release|Win32
		{26F7CE7B-0FF2-41AD-B627-8C99003D3210}.Release.ActiveCfg = Release|Win32
		{26F7CE7B-0FF2-41AD-B627-8C99003D3210}.Release.Build.0 = Release|Win32
		{99217C81-B8D9-45E9-87BA-B860D438BF7A}.Release.ActiveCfg = Release|Win32
		{99217C81-B8D9-45E9-87BA-B860D438BF7A}.Release.Build.0 = Release|Win32
	EndGlobalSection
	GlobalSection(ExtensibilityGlobals) = postSolution
	EndGlobalSection
	GlobalSection(ExtensibilityAddIns) = postSolution
	EndGlobalSection
EndGlobal
