Microsoft Visual Studio Solution File, Format Version 7.00
Project("{8BC9CEB8-8B4A-11D0-8D11-00A0C91BC942}") = "glibc", "glibc.vcproj", "{46891D02-0E3F-4F7C-973C-D55B92C70D87}"
EndProject
Project("{8BC9CEB8-8B4A-11D0-8D11-00A0C91BC942}") = "xboxkrnl", "xboxkrnl.vcproj", "{1B835E03-F4A1-4094-8D28-C9EF37674049}"
EndProject
Project("{8BC9CEB8-8B4A-11D0-8D11-00A0C91BC942}") = "xgfx2d", "xgfx2d.vcproj", "{5AC363EB-BAD7-45C1-81DE-D946CA3DA0F9}"
EndProject
Project("{8BC9CEB8-8B4A-11D0-8D11-00A0C91BC942}") = "xhal", "xhal.vcproj", "{5EE83242-FA81-47C7-855C-1AE0748F91E8}"
EndProject
Project("{8BC9CEB8-8B4A-11D0-8D11-00A0C91BC942}") = "xlibc", "xlibc.vcproj", "{3EAD3EF6-E1E3-45B2-A0A3-F5AA231DE02E}"
EndProject
Project("{8BC9CEB8-8B4A-11D0-8D11-00A0C91BC942}") = "xvga", "xvga.vcproj", "{DFFD01C0-FD0B-4270-830E-63A5277439F7}"
EndProject
Global
	GlobalSection(SolutionConfiguration) = preSolution
		ConfigName.0 = Release
	EndGlobalSection
	GlobalSection(ProjectDependencies) = postSolution
		{5AC363EB-BAD7-45C1-81DE-D946CA3DA0F9}.0 = {3EAD3EF6-E1E3-45B2-A0A3-F5AA231DE02E}
		{5AC363EB-BAD7-45C1-81DE-D946CA3DA0F9}.1 = {1B835E03-F4A1-4094-8D28-C9EF37674049}
		{5EE83242-FA81-47C7-855C-1AE0748F91E8}.0 = {46891D02-0E3F-4F7C-973C-D55B92C70D87}
		{5EE83242-FA81-47C7-855C-1AE0748F91E8}.1 = {1B835E03-F4A1-4094-8D28-C9EF37674049}
		{3EAD3EF6-E1E3-45B2-A0A3-F5AA231DE02E}.0 = {1B835E03-F4A1-4094-8D28-C9EF37674049}
	EndGlobalSection
	GlobalSection(ProjectConfiguration) = postSolution
		{46891D02-0E3F-4F7C-973C-D55B92C70D87}.Release.ActiveCfg = Release|Win32
		{46891D02-0E3F-4F7C-973C-D55B92C70D87}.Release.Build.0 = Release|Win32
		{1B835E03-F4A1-4094-8D28-C9EF37674049}.Release.ActiveCfg = Release|Win32
		{1B835E03-F4A1-4094-8D28-C9EF37674049}.Release.Build.0 = Release|Win32
		{5AC363EB-BAD7-45C1-81DE-D946CA3DA0F9}.Release.ActiveCfg = Release|Win32
		{5AC363EB-BAD7-45C1-81DE-D946CA3DA0F9}.Release.Build.0 = Release|Win32
		{5EE83242-FA81-47C7-855C-1AE0748F91E8}.Release.ActiveCfg = Release|Win32
		{5EE83242-FA81-47C7-855C-1AE0748F91E8}.Release.Build.0 = Release|Win32
		{3EAD3EF6-E1E3-45B2-A0A3-F5AA231DE02E}.Release.ActiveCfg = Release|Win32
		{3EAD3EF6-E1E3-45B2-A0A3-F5AA231DE02E}.Release.Build.0 = Release|Win32
		{DFFD01C0-FD0B-4270-830E-63A5277439F7}.Release.ActiveCfg = Release|Win32
		{DFFD01C0-FD0B-4270-830E-63A5277439F7}.Release.Build.0 = Release|Win32
	EndGlobalSection
	GlobalSection(ExtensibilityGlobals) = postSolution
	EndGlobalSection
	GlobalSection(ExtensibilityAddIns) = postSolution
	EndGlobalSection
EndGlobal
